<?xml version="1.0" encoding="utf-8"?>
<Project ToolsVersion="4.0" xmlns="http://schemas.microsoft.com/developer/msbuild/2003">
  <ItemGroup>
    <Filter Include="Source Files">
      <UniqueIdentifier>{4FC737F1-C7A5-4376-A066-2A32D752A2FF}</UniqueIdentifier>
      <Extensions>cpp;c;cxx;def;odl;idl;hpj;bat;asm;asmx</Extensions>
    </Filter>
    <Filter Include="Header Files">
      <UniqueIdentifier>{93995380-89BD-4b04-88EB-625FBE52EBFB}</UniqueIdentifier>
      <Extensions>h;hpp;hxx;hm;inl;inc;xsd</Extensions>
    </Filter>
    <Filter Include="Resource Files">
      <UniqueIdentifier>{67DA6AB6-F800-4c08-8B7A-83BB121AAD01}</UniqueIdentifier>
      <Extensions>rc;ico;cur;bmp;dlg;rc2;rct;bin;rgs;gif;jpg;jpeg;jpe;resx</Extensions>
    </Filter>
    <Filter Include="IDirect3D9">
      <UniqueIdentifier>{d1cbede8-0bb1-4743-8ba9-bfeb0e809c1d}</UniqueIdentifier>
    </Filter>
    <Filter Include="IDirect3DDevice9">
      <UniqueIdentifier>{17aa66bc-cd3c-49be-a172-11059f9f0095}</UniqueIdentifier>
    </Filter>
    <Filter Include="IDirect3DQuery9">
      <UniqueIdentifier>{bb73f921-50cc-45e4-9389-205370ea53c8}</UniqueIdentifier>
    </Filter>
    <Filter Include="IDirect3DSurface9">
      <UniqueIdentifier>{5515bfa7-1b60-4604-b7ad-e1223d360b87}</UniqueIdentifier>
    </Filter>
    <Filter Include="IDirect3DIndexBuffer9">
      <UniqueIdentifier>{3761411c-d9ce-4da7-b6e6-cc5dc8c23f11}</UniqueIdentifier>
    </Filter>
    <Filter Include="IDirect3DVertexBuffer9">
      <UniqueIdentifier>{dd465b37-456d-431c-ade0-5069a4c999c0}</UniqueIdentifier>
    </Filter>
    <Filter Include="IDirect3DTexture9">
      <UniqueIdentifier>{a44194b9-3609-4f26-a608-020167632147}</UniqueIdentifier>
    </Filter>
    <Filter Include="IDirect3DVertexDeclaration9">
      <UniqueIdentifier>{c935a924-bb4a-4adf-8a24-a2b16643c135}</UniqueIdentifier>
    </Filter>
    <Filter Include="IDirect3DVertexShader9">
      <UniqueIdentifier>{a6b7170e-3a1a-400f-8143-9bd50fe649ba}</UniqueIdentifier>
    </Filter>
    <Filter Include="IDirect3DPixelShader9">
      <UniqueIdentifier>{85a37a94-0e84-47ef-819e-d954abcc8a59}</UniqueIdentifier>
    </Filter>
    <Filter Include="IDirect3DStateBlock9">
      <UniqueIdentifier>{ff285633-6821-4600-90b7-152d7f4859da}</UniqueIdentifier>
    </Filter>
    <Filter Include="IDirect3DCubeTexture9">
      <UniqueIdentifier>{58d0bec2-dd9d-4ce7-b7af-ff90267d5e08}</UniqueIdentifier>
    </Filter>
  </ItemGroup>
  <ItemGroup>
    <ClCompile Include="stdafx.cpp">
      <Filter>Source Files</Filter>
    </ClCompile>
    <ClCompile Include="xrD3D9-Null.cpp">
      <Filter>Source Files</Filter>
    </ClCompile>
    <ClCompile Include="xrD3D9-Null_OutProc.cpp">
      <Filter>Source Files</Filter>
    </ClCompile>
    <ClCompile Include="IDirect3D9.cpp">
      <Filter>IDirect3D9</Filter>
    </ClCompile>
    <ClCompile Include="IDirect3DDevice9.cpp">
      <Filter>IDirect3DDevice9</Filter>
    </ClCompile>
    <ClCompile Include="IDirect3DDevice9_Caps.cpp">
      <Filter>IDirect3DDevice9</Filter>
    </ClCompile>
    <ClCompile Include="IDirect3DQuery9.cpp">
      <Filter>IDirect3DQuery9</Filter>
    </ClCompile>
    <ClCompile Include="IDirect3DSurface9.cpp">
      <Filter>IDirect3DSurface9</Filter>
    </ClCompile>
    <ClCompile Include="IDirect3DIndexBuffer9.cpp">
      <Filter>IDirect3DIndexBuffer9</Filter>
    </ClCompile>
    <ClCompile Include="IDirect3DVertexBuffer9.cpp">
      <Filter>IDirect3DVertexBuffer9</Filter>
    </ClCompile>
    <ClCompile Include="IDirect3DTexture9.cpp">
      <Filter>IDirect3DTexture9</Filter>
    </ClCompile>
    <ClCompile Include="IDirect3DVertexDeclaration9.cpp">
      <Filter>IDirect3DVertexDeclaration9</Filter>
    </ClCompile>
    <ClCompile Include="IDirect3DVertexShader9.cpp">
      <Filter>IDirect3DVertexShader9</Filter>
    </ClCompile>
    <ClCompile Include="IDirect3DPixelShader9.cpp">
      <Filter>IDirect3DPixelShader9</Filter>
    </ClCompile>
    <ClCompile Include="IDirect3DStateBlock9.cpp">
      <Filter>IDirect3DStateBlock9</Filter>
    </ClCompile>
    <ClCompile Include="IDirect3DCubeTexture9.cpp">
      <Filter>IDirect3DCubeTexture9</Filter>
    </ClCompile>
  </ItemGroup>
  <ItemGroup>
    <None Include="xrD3D9-Null.def">
      <Filter>Source Files</Filter>
    </None>
  </ItemGroup>
  <ItemGroup>
    <ClInclude Include="stdafx.h">
      <Filter>Header Files</Filter>
    </ClInclude>
    <ClInclude Include="xrD3D9-Null.h">
      <Filter>Header Files</Filter>
    </ClInclude>
    <ClInclude Include="xrD3D9-Null_OutProc.h">
      <Filter>Header Files</Filter>
    </ClInclude>
    <ClInclude Include="IDirect3D9.h">
      <Filter>IDirect3D9</Filter>
    </ClInclude>
    <ClInclude Include="IDirect3DDevice9.h">
      <Filter>IDirect3DDevice9</Filter>
    </ClInclude>
    <ClInclude Include="IDirect3DQuery9.h">
      <Filter>IDirect3DQuery9</Filter>
    </ClInclude>
    <ClInclude Include="IDirect3DSurface9.h">
      <Filter>IDirect3DSurface9</Filter>
    </ClInclude>
    <ClInclude Include="IDirect3DIndexBuffer9.h">
      <Filter>IDirect3DIndexBuffer9</Filter>
    </ClInclude>
    <ClInclude Include="IDirect3DVertexBuffer9.h">
      <Filter>IDirect3DVertexBuffer9</Filter>
    </ClInclude>
    <ClInclude Include="IDirect3DTexture9.h">
      <Filter>IDirect3DTexture9</Filter>
    </ClInclude>
    <ClInclude Include="IDirect3DVertexDeclaration9.h">
      <Filter>IDirect3DVertexDeclaration9</Filter>
    </ClInclude>
    <ClInclude Include="IDirect3DVertexShader9.h">
      <Filter>IDirect3DVertexShader9</Filter>
    </ClInclude>
    <ClInclude Include="IDirect3DPixelShader9.h">
      <Filter>IDirect3DPixelShader9</Filter>
    </ClInclude>
    <ClInclude Include="IDirect3DStateBlock9.h">
      <Filter>IDirect3DStateBlock9</Filter>
    </ClInclude>
    <ClInclude Include="IDirect3DCubeTexture9.h">
      <Filter>IDirect3DCubeTexture9</Filter>
    </ClInclude>
  </ItemGroup>
  <ItemGroup>
    <Text Include="ReadMe.txt" />
  </ItemGroup>
</Project>