<?xml version="1.0" encoding="utf-8"?>
<Project ToolsVersion="4.0" xmlns="http://schemas.microsoft.com/developer/msbuild/2003">
  <ItemGroup>
    <Filter Include="Kernel">
      <UniqueIdentifier>{7f1dfdf1-8810-4dcd-9064-b403c595d227}</UniqueIdentifier>
    </Filter>
    <Filter Include="Shared Files">
      <UniqueIdentifier>{7ef521d1-dbd4-484c-b219-5f44ebe4b08f}</UniqueIdentifier>
    </Filter>
    <Filter Include="Shared Files\Engine">
      <UniqueIdentifier>{768052f5-c8ae-4527-8853-a95ac1c2fc9c}</UniqueIdentifier>
    </Filter>
    <Filter Include="Shared Files\Editor">
      <UniqueIdentifier>{32cc4565-eece-432d-b116-c7a6291fbe75}</UniqueIdentifier>
    </Filter>
    <Filter Include="Shared Files\Material">
      <UniqueIdentifier>{fa5ab60e-570c-49d5-9895-0f99a7da888a}</UniqueIdentifier>
    </Filter>
    <Filter Include="Export Object">
      <UniqueIdentifier>{7a838764-6e34-429e-88d9-17286bad555f}</UniqueIdentifier>
    </Filter>
    <Filter Include="Export Skin">
      <UniqueIdentifier>{39a98e05-6507-4eb7-b719-fb0ed4f968e5}</UniqueIdentifier>
    </Filter>
    <Filter Include="Export Skin Keys">
      <UniqueIdentifier>{7bf2fbf5-131d-4b90-b689-101388f99733}</UniqueIdentifier>
    </Filter>
  </ItemGroup>
  <ItemGroup>
    <ClCompile Include="Export\MeshExpPlugin.cpp">
      <Filter>Kernel</Filter>
    </ClCompile>
    <ClCompile Include="Export\MeshExpUtility.cpp">
      <Filter>Kernel</Filter>
    </ClCompile>
    <ClCompile Include="Export\NetDeviceLog.cpp">
      <Filter>Kernel</Filter>
    </ClCompile>
    <ClCompile Include="Export\stdafx.cpp">
      <Filter>Kernel</Filter>
    </ClCompile>
    <ClCompile Include="..\Shared\bone.cpp">
      <Filter>Shared Files\Engine</Filter>
    </ClCompile>
    <ClCompile Include="..\Shared\Envelope.cpp">
      <Filter>Shared Files\Engine</Filter>
    </ClCompile>
    <ClCompile Include="..\Shared\interp.cpp">
      <Filter>Shared Files\Engine</Filter>
    </ClCompile>
    <ClCompile Include="..\Shared\motion.cpp">
      <Filter>Shared Files\Engine</Filter>
    </ClCompile>
    <ClCompile Include="..\..\editors\ECore\Editor\EditMesh.cpp">
      <Filter>Shared Files\Editor</Filter>
    </ClCompile>
    <ClCompile Include="..\..\editors\ECore\Editor\EditObjectMotions.cpp">
      <Filter>Shared Files\Editor</Filter>
    </ClCompile>
    <ClCompile Include="..\Shared\ELog.cpp">
      <Filter>Shared Files\Editor</Filter>
    </ClCompile>
    <ClCompile Include="Export\FS2.CPP">
      <Filter>Shared Files\Editor</Filter>
    </ClCompile>
    <ClCompile Include="Export\EditMeshExportMAX.cpp">
      <Filter>Export Object</Filter>
    </ClCompile>
    <ClCompile Include="Export\EditObjectExportLWO.cpp">
      <Filter>Export Object</Filter>
    </ClCompile>
    <ClCompile Include="Export\EditObjectExportMAX.cpp">
      <Filter>Export Object</Filter>
    </ClCompile>
    <ClCompile Include="Export\BoneDef.cpp">
      <Filter>Export Skin</Filter>
    </ClCompile>
    <ClCompile Include="..\..\editors\ECore\Editor\EditMeshIO.cpp">
      <Filter>Export Skin</Filter>
    </ClCompile>
    <ClCompile Include="..\..\editors\ECore\Editor\EditMeshModify.cpp">
      <Filter>Export Skin</Filter>
    </ClCompile>
    <ClCompile Include="..\..\editors\ECore\Editor\EditObject.cpp">
      <Filter>Export Skin</Filter>
    </ClCompile>
    <ClCompile Include="..\..\editors\ECore\Editor\EditObjectIO.cpp">
      <Filter>Export Skin</Filter>
    </ClCompile>
    <ClCompile Include="Export\Exporter.cpp">
      <Filter>Export Skin</Filter>
    </ClCompile>
    <ClCompile Include="Export\ExporterMotion.cpp">
      <Filter>Export Skin</Filter>
    </ClCompile>
    <ClCompile Include="Export\ExporterSkin.cpp">
      <Filter>Export Skin</Filter>
    </ClCompile>
    <ClCompile Include="..\Shared\Helper.cpp">
      <Filter>Export Skin</Filter>
    </ClCompile>
    <ClCompile Include="Export\ExportKeys.cpp">
      <Filter>Export Skin Keys</Filter>
    </ClCompile>
  </ItemGroup>
  <ItemGroup>
    <ClInclude Include="Export\MeshExpUtility.h">
      <Filter>Kernel</Filter>
    </ClInclude>
    <ClInclude Include="Export\NetDeviceLog.h">
      <Filter>Kernel</Filter>
    </ClInclude>
    <ClInclude Include="Export\Stdafx.h">
      <Filter>Kernel</Filter>
    </ClInclude>
    <ClInclude Include="..\Shared\bone.h">
      <Filter>Shared Files\Engine</Filter>
    </ClInclude>
    <ClInclude Include="..\Shared\envelope.h">
      <Filter>Shared Files\Engine</Filter>
    </ClInclude>
    <ClInclude Include="Export\Fmesh.h">
      <Filter>Shared Files\Engine</Filter>
    </ClInclude>
    <ClInclude Include="..\Shared\motion.h">
      <Filter>Shared Files\Engine</Filter>
    </ClInclude>
    <ClInclude Include="..\..\editors\ECore\Editor\EditMesh.h">
      <Filter>Shared Files\Editor</Filter>
    </ClInclude>
    <ClInclude Include="..\..\editors\ECore\Editor\editobject.h">
      <Filter>Shared Files\Editor</Filter>
    </ClInclude>
    <ClInclude Include="..\Shared\ELog.h">
      <Filter>Shared Files\Editor</Filter>
    </ClInclude>
    <ClInclude Include="Export\FS2.H">
      <Filter>Shared Files\Editor</Filter>
    </ClInclude>
    <ClInclude Include="Export\lwchunks.h">
      <Filter>Shared Files\Editor</Filter>
    </ClInclude>
    <ClInclude Include="Export\Shader_xrLC.h">
      <Filter>Shared Files\Editor</Filter>
    </ClInclude>
    <ClInclude Include="Export\GameMaterial.h">
      <Filter>Shared Files\Material</Filter>
    </ClInclude>
    <ClInclude Include="Export\TexMaps.h">
      <Filter>Shared Files\Material</Filter>
    </ClInclude>
    <ClInclude Include="Export\XRayMtlRes.h">
      <Filter>Shared Files\Material</Filter>
    </ClInclude>
    <ClInclude Include="Export\Exporter.h">
      <Filter>Export Skin</Filter>
    </ClInclude>
    <ClInclude Include="..\Shared\Face.h">
      <Filter>Export Skin</Filter>
    </ClInclude>
    <ClInclude Include="..\Shared\Helper.h">
      <Filter>Export Skin</Filter>
    </ClInclude>
    <ClInclude Include="..\Shared\Vert.h">
      <Filter>Export Skin</Filter>
    </ClInclude>
  </ItemGroup>
  <ItemGroup>
    <ResourceCompile Include="Export\MeshExpUtility.rc">
      <Filter>Kernel</Filter>
    </ResourceCompile>
  </ItemGroup>
  <ItemGroup>
    <None Include="Export\MeshExpUtility.rh">
      <Filter>Kernel</Filter>
    </None>
    <None Include="Export\Utility.def">
      <Filter>Kernel</Filter>
    </None>
  </ItemGroup>
</Project>