<?xml version="1.0" encoding="utf-8"?>
<Project ToolsVersion="4.0" xmlns="http://schemas.microsoft.com/developer/msbuild/2003">
  <ItemGroup>
    <Filter Include="Kernel">
      <UniqueIdentifier>{fa8a09b0-e3c1-470d-9a13-82a427ed8303}</UniqueIdentifier>
    </Filter>
    <Filter Include="Shared Files">
      <UniqueIdentifier>{1824abb8-bc2a-40f7-b598-1c8848d2a603}</UniqueIdentifier>
    </Filter>
    <Filter Include="Shared Files\Engine">
      <UniqueIdentifier>{dad08fbf-761d-4e96-a436-2277aa3250d2}</UniqueIdentifier>
    </Filter>
    <Filter Include="Shared Files\Editor">
      <UniqueIdentifier>{1467de66-cc98-4395-848f-acab4e433ce4}</UniqueIdentifier>
    </Filter>
  </ItemGroup>
  <ItemGroup>
    <ClCompile Include="Material\DllEntry.cpp">
      <Filter>Kernel</Filter>
    </ClCompile>
    <ClCompile Include="..\Shared\GameMaterial.cpp">
      <Filter>Kernel</Filter>
    </ClCompile>
    <ClCompile Include="Material\stdafx.cpp">
      <Filter>Kernel</Filter>
    </ClCompile>
    <ClCompile Include="..\Shared\TexMaps.cpp">
      <Filter>Kernel</Filter>
    </ClCompile>
    <ClCompile Include="..\Shared\GameMtlLib.cpp">
      <Filter>Shared Files\Engine</Filter>
    </ClCompile>
    <ClCompile Include="..\Shared\BlenderListLoader.cpp">
      <Filter>Shared Files\Editor</Filter>
    </ClCompile>
    <ClCompile Include="..\Shared\ELog.cpp">
      <Filter>Shared Files\Editor</Filter>
    </ClCompile>
  </ItemGroup>
  <ItemGroup>
    <None Include="..\Shared\GameMaterial.def">
      <Filter>Kernel</Filter>
    </None>
  </ItemGroup>
  <ItemGroup>
    <ClInclude Include="..\Shared\GameMaterial.h">
      <Filter>Kernel</Filter>
    </ClInclude>
    <ClInclude Include="Material\Stdafx.h">
      <Filter>Kernel</Filter>
    </ClInclude>
    <ClInclude Include="..\Shared\TexMaps.h">
      <Filter>Kernel</Filter>
    </ClInclude>
    <ClInclude Include="..\Shared\XRayMtlRes.h">
      <Filter>Kernel</Filter>
    </ClInclude>
    <ClInclude Include="..\Shared\GameMtlLib.h">
      <Filter>Shared Files\Engine</Filter>
    </ClInclude>
    <ClInclude Include="..\Shared\Shader_xrLC.h">
      <Filter>Shared Files\Engine</Filter>
    </ClInclude>
    <ClInclude Include="..\Shared\BlenderListLoader.h">
      <Filter>Shared Files\Editor</Filter>
    </ClInclude>
    <ClInclude Include="..\Shared\ELog.h">
      <Filter>Shared Files\Editor</Filter>
    </ClInclude>
  </ItemGroup>
  <ItemGroup>
    <ResourceCompile Include="Material\GameMaterial.rc">
      <Filter>Kernel</Filter>
    </ResourceCompile>
  </ItemGroup>
  <ItemGroup>
    <Image Include="Material\dmtlbut.bmp" />
    <Image Include="Material\dmtlmsk.bmp" />
  </ItemGroup>
</Project>