<?xml version="1.0" encoding="utf-8"?>
<Project ToolsVersion="4.0" xmlns="http://schemas.microsoft.com/developer/msbuild/2003">
  <ItemGroup>
    <Filter Include="Kernel">
      <UniqueIdentifier>{281c8ffe-d55a-43b9-a5d8-a6762d321f67}</UniqueIdentifier>
    </Filter>
    <Filter Include="Shared Files">
      <UniqueIdentifier>{969c19bb-e6cf-410f-83b0-bc5736efa1bd}</UniqueIdentifier>
    </Filter>
    <Filter Include="Shared Files\Engine">
      <UniqueIdentifier>{87d226a0-8408-4514-b62e-e6aeacf22b89}</UniqueIdentifier>
    </Filter>
    <Filter Include="Shared Files\Editor">
      <UniqueIdentifier>{32cc61a7-fae3-48e3-a388-70a0dec3635e}</UniqueIdentifier>
    </Filter>
    <Filter Include="Shared Files\Plugins">
      <UniqueIdentifier>{002e47b0-01a1-499d-a599-99923cbe2d89}</UniqueIdentifier>
    </Filter>
    <Filter Include="Shared Files\Server">
      <UniqueIdentifier>{16ab2ba5-dff2-407a-b9aa-3da6df2c1eb3}</UniqueIdentifier>
    </Filter>
    <Filter Include="Shader">
      <UniqueIdentifier>{2736e509-4f47-4843-b23f-8d7c11e7d186}</UniqueIdentifier>
    </Filter>
  </ItemGroup>
  <ItemGroup>
    <ClCompile Include="shader\stdafx.cpp">
      <Filter>Kernel</Filter>
    </ClCompile>
    <ClCompile Include="..\Shared\GameMtlLib.cpp">
      <Filter>Shared Files\Engine</Filter>
    </ClCompile>
    <ClCompile Include="..\Shared\ELog.cpp">
      <Filter>Shared Files\Editor</Filter>
    </ClCompile>
    <ClCompile Include="Shader\LW_Shader.cpp">
      <Filter>Shared Files\Editor</Filter>
    </ClCompile>
    <ClCompile Include="..\Shared\BlenderListLoader.cpp">
      <Filter>Shared Files\Plugins</Filter>
    </ClCompile>
    <ClCompile Include="Server\servmain.c">
      <Filter>Shared Files\Server</Filter>
    </ClCompile>
    <ClCompile Include="shader\blotch.c">
      <Filter>Shader</Filter>
    </ClCompile>
  </ItemGroup>
  <ItemGroup>
    <ClInclude Include="shader\stdafx.h">
      <Filter>Kernel</Filter>
    </ClInclude>
    <ClInclude Include="..\Shared\GameMtlLib.h">
      <Filter>Shared Files\Engine</Filter>
    </ClInclude>
    <ClInclude Include="..\Shared\Shader_xrLC.h">
      <Filter>Shared Files\Engine</Filter>
    </ClInclude>
    <ClInclude Include="..\Shared\ELog.h">
      <Filter>Shared Files\Editor</Filter>
    </ClInclude>
    <ClInclude Include="Shader\LW_Shader.h">
      <Filter>Shared Files\Editor</Filter>
    </ClInclude>
    <ClInclude Include="..\Shared\BlenderListLoader.h">
      <Filter>Shared Files\Plugins</Filter>
    </ClInclude>
    <ClInclude Include="shader\resource.h">
      <Filter>Shader</Filter>
    </ClInclude>
  </ItemGroup>
</Project>