<?xml version="1.0" encoding="utf-8"?>
<Project ToolsVersion="4.0" xmlns="http://schemas.microsoft.com/developer/msbuild/2003">
  <ItemGroup>
    <Filter Include="core">
      <UniqueIdentifier>{5511f4b6-48c3-4bfb-b920-ab0a84c2d646}</UniqueIdentifier>
    </Filter>
    <Filter Include="controls">
      <UniqueIdentifier>{b1a74d88-430b-479d-b835-209f9f3096d3}</UniqueIdentifier>
    </Filter>
    <Filter Include="controls\property_grid">
      <UniqueIdentifier>{7200a929-9f51-497c-aac2-c5622590f532}</UniqueIdentifier>
    </Filter>
    <Filter Include="interfaces">
      <UniqueIdentifier>{47f8a008-b12c-4983-b2e3-2cb9fbb24d89}</UniqueIdentifier>
    </Filter>
  </ItemGroup>
  <ItemGroup>
    <ClCompile Include="AssemblyInfo.cpp">
      <Filter>core</Filter>
    </ClCompile>
    <ClCompile Include="pch.cpp">
      <Filter>core</Filter>
    </ClCompile>
    <ClCompile Include="property_grid.cpp">
      <Filter>controls\property_grid</Filter>
    </ClCompile>
  </ItemGroup>
  <ItemGroup>
    <ClInclude Include="pch.hpp">
      <Filter>core</Filter>
    </ClInclude>
    <ClInclude Include="property_grid.hpp">
      <Filter>controls\property_grid</Filter>
    </ClInclude>
    <ClInclude Include="property_container_interface.hpp">
      <Filter>interfaces</Filter>
    </ClInclude>
    <ClInclude Include="property_incrementable.hpp">
      <Filter>interfaces</Filter>
    </ClInclude>
    <ClInclude Include="property_mouse_events.hpp">
      <Filter>interfaces</Filter>
    </ClInclude>
    <ClInclude Include="property_value.hpp">
      <Filter>interfaces</Filter>
    </ClInclude>
  </ItemGroup>
</Project>