<?xml version="1.0" encoding="utf-8"?>
<Project ToolsVersion="4.0" xmlns="http://schemas.microsoft.com/developer/msbuild/2003">
  <ItemGroup>
    <Filter Include="core">
      <UniqueIdentifier>{429ddc74-4d40-44f6-8427-d0d1d419e254}</UniqueIdentifier>
    </Filter>
    <Filter Include="controls">
      <UniqueIdentifier>{614d1f0c-d0cc-4162-b5be-ebd246ab7cf3}</UniqueIdentifier>
    </Filter>
    <Filter Include="controls\property_grid">
      <UniqueIdentifier>{12a1eb23-f04d-4e32-8e0c-1f6316699f2c}</UniqueIdentifier>
    </Filter>
    <Filter Include="interfaces">
      <UniqueIdentifier>{5c8550df-53b1-4f2e-bf62-acf0092c020d}</UniqueIdentifier>
    </Filter>
  </ItemGroup>
  <ItemGroup>
    <ClCompile Include="AssemblyInfo.cpp">
      <Filter>core</Filter>
    </ClCompile>
    <ClCompile Include="pch.cpp">
      <Filter>core</Filter>
    </ClCompile>
    <ClCompile Include="property_grid.cpp">
      <Filter>controls\property_grid</Filter>
    </ClCompile>
  </ItemGroup>
  <ItemGroup>
    <ClInclude Include="pch.hpp">
      <Filter>core</Filter>
    </ClInclude>
    <ClInclude Include="property_grid.hpp">
      <Filter>controls\property_grid</Filter>
    </ClInclude>
    <ClInclude Include="property_container_interface.hpp">
      <Filter>interfaces</Filter>
    </ClInclude>
    <ClInclude Include="property_incrementable.hpp">
      <Filter>interfaces</Filter>
    </ClInclude>
    <ClInclude Include="property_mouse_events.hpp">
      <Filter>interfaces</Filter>
    </ClInclude>
    <ClInclude Include="property_value.hpp">
      <Filter>interfaces</Filter>
    </ClInclude>
  </ItemGroup>
  <ItemGroup>
    <None Include="Packages.config" />
  </ItemGroup>
</Project>