<?xml version="1.0" encoding="utf-8"?>
<Project ToolsVersion="4.0" xmlns="http://schemas.microsoft.com/developer/msbuild/2003">
  <ItemGroup>
    <Filter Include="Dialogs">
      <UniqueIdentifier>{66b813a1-e7ff-4deb-9a87-0c6293697956}</UniqueIdentifier>
    </Filter>
    <Filter Include="Dialogs\Source Files">
      <UniqueIdentifier>{1b07a720-a7cc-42ee-b0b8-79f2685168c3}</UniqueIdentifier>
      <Extensions>cpp;c;cxx;def;odl;idl;hpj;bat;asm</Extensions>
    </Filter>
    <Filter Include="Dialogs\Header Files">
      <UniqueIdentifier>{993ae128-72f3-40ab-84ec-ad8246100fa4}</UniqueIdentifier>
      <Extensions>h;hpp;hxx;hm;inl;inc</Extensions>
    </Filter>
    <Filter Include="Collections">
      <UniqueIdentifier>{e754e2ab-54e6-47c5-86fd-62005a315d7a}</UniqueIdentifier>
    </Filter>
    <Filter Include="Collections\Source Files">
      <UniqueIdentifier>{e036e6d1-3912-4446-a37a-d276ceb24f41}</UniqueIdentifier>
      <Extensions>cpp;c;cxx;def;odl;idl;hpj;bat;asm</Extensions>
    </Filter>
    <Filter Include="Collections\Header Files">
      <UniqueIdentifier>{1bcd4c73-8e04-4286-9097-cb1bfd2bf008}</UniqueIdentifier>
      <Extensions>h;hpp;hxx;hm;inl;inc</Extensions>
    </Filter>
    <Filter Include="Controls">
      <UniqueIdentifier>{2235e22a-a637-4d17-816f-d796a629a7fc}</UniqueIdentifier>
    </Filter>
    <Filter Include="Controls\Source Files">
      <UniqueIdentifier>{d2784eec-c95a-4395-9b19-038055476079}</UniqueIdentifier>
      <Extensions>cpp;c;cxx;def;odl;idl;hpj;bat;asm</Extensions>
    </Filter>
    <Filter Include="Controls\Header Files">
      <UniqueIdentifier>{582d595e-9280-4e9d-99eb-1250c71fa2be}</UniqueIdentifier>
      <Extensions>h;hpp;hxx;hm;inl;inc</Extensions>
    </Filter>
    <Filter Include="System">
      <UniqueIdentifier>{84f9c96e-95e5-4352-8cb2-62e10d7f1d70}</UniqueIdentifier>
    </Filter>
    <Filter Include="System\Source Files">
      <UniqueIdentifier>{74bb0eed-17db-4324-bea6-406ada26c6a0}</UniqueIdentifier>
      <Extensions>cpp;c;cxx;def;odl;idl;hpj;bat;asm</Extensions>
    </Filter>
    <Filter Include="System\Source Files\XML">
      <UniqueIdentifier>{fa65ed9a-15bf-47c1-a2ef-01d84f76cdca}</UniqueIdentifier>
    </Filter>
    <Filter Include="System\Source Files\XML\Source Files">
      <UniqueIdentifier>{b52e4534-6211-4eab-be5b-2b8287e928ac}</UniqueIdentifier>
      <Extensions>cpp;c;cxx;def;odl;idl;hpj;bat;asm</Extensions>
    </Filter>
    <Filter Include="System\Source Files\XML\Header Files">
      <UniqueIdentifier>{7ebe5fb3-ff7a-4ad2-8809-e4b61fd8f149}</UniqueIdentifier>
      <Extensions>h;hpp;hxx;hm;inl;inc</Extensions>
    </Filter>
    <Filter Include="System\Header Files">
      <UniqueIdentifier>{ff64d932-5df1-4650-becc-c38c147b9212}</UniqueIdentifier>
      <Extensions>h;hpp;hxx;hm;inl;inc</Extensions>
    </Filter>
    <Filter Include="Main">
      <UniqueIdentifier>{76820c95-2e55-4566-9257-e70e1f3491f9}</UniqueIdentifier>
    </Filter>
    <Filter Include="Main\Source Files">
      <UniqueIdentifier>{3bc33e99-55d9-4198-a9a5-7e815ea065c8}</UniqueIdentifier>
      <Extensions>cpp;c;cxx;def;odl;idl;hpj;bat;asm</Extensions>
    </Filter>
    <Filter Include="Main\Header Files">
      <UniqueIdentifier>{3fe892cd-4515-47e5-badd-8b0a4769beb0}</UniqueIdentifier>
      <Extensions>h;hpp;hxx;hm;inl;inc</Extensions>
    </Filter>
    <Filter Include="Accessories">
      <UniqueIdentifier>{3c25bc69-a3b5-4298-8e0f-ade8c66e3feb}</UniqueIdentifier>
    </Filter>
    <Filter Include="Accessories\Source Files">
      <UniqueIdentifier>{58b40534-871a-46b4-89c2-aab8ac187758}</UniqueIdentifier>
      <Extensions>cpp;c;cxx;def;odl;idl;hpj;bat;asm</Extensions>
    </Filter>
    <Filter Include="Accessories\Header Files">
      <UniqueIdentifier>{28814e0c-b85e-4d0a-bc8e-bbe5e5796318}</UniqueIdentifier>
      <Extensions>h;hpp;hxx;hm;inl;inc</Extensions>
    </Filter>
    <Filter Include="Accessories\Resource Files">
      <UniqueIdentifier>{185e381e-0180-4dcd-8f12-d1e405f58856}</UniqueIdentifier>
      <Extensions>rc;ico;cur;bmp;dlg;rc2;rct;bin;rgs;gif;jpg;jpeg;jpe</Extensions>
    </Filter>
    <Filter Include="Streams">
      <UniqueIdentifier>{024baa12-a736-480e-a291-c01b59f92500}</UniqueIdentifier>
    </Filter>
    <Filter Include="Streams\Source Files">
      <UniqueIdentifier>{739397cb-3674-4a45-b1ca-5521ec843cc3}</UniqueIdentifier>
      <Extensions>cpp;c;cxx;def;odl;idl;hpj;bat;asm</Extensions>
    </Filter>
    <Filter Include="Streams\Header Files">
      <UniqueIdentifier>{4463f22b-edf6-4c0b-b2b3-9cd53252c753}</UniqueIdentifier>
      <Extensions>h;hpp;hxx;hm;inl;inc</Extensions>
    </Filter>
    <Filter Include="Encodings">
      <UniqueIdentifier>{997dc533-610d-4e36-8776-a5f90446eb0e}</UniqueIdentifier>
    </Filter>
    <Filter Include="Encodings\Source Files">
      <UniqueIdentifier>{2c4fd4b4-3ec3-4e77-b0d2-f5009935f7f4}</UniqueIdentifier>
      <Extensions>cpp;c;cxx;def;odl;idl;hpj;bat;asm</Extensions>
    </Filter>
    <Filter Include="Encodings\Header Files">
      <UniqueIdentifier>{049b5b6c-110d-40e4-aa7b-eab4adbf274a}</UniqueIdentifier>
      <Extensions>h;hpp;hxx;hm;inl;inc</Extensions>
    </Filter>
  </ItemGroup>
  <ItemGroup>
    <ClCompile Include="AboutDlg.cpp">
      <Filter>Dialogs\Source Files</Filter>
    </ClCompile>
    <ClCompile Include="MachineInfoDlg.cpp">
      <Filter>Dialogs\Source Files</Filter>
    </ClCompile>
    <ClCompile Include="MachineStateDlg.cpp">
      <Filter>Dialogs\Source Files</Filter>
    </ClCompile>
    <ClCompile Include="MainDlg.cpp">
      <Filter>Dialogs\Source Files</Filter>
    </ClCompile>
    <ClCompile Include="PreviewDlg.cpp">
      <Filter>Dialogs\Source Files</Filter>
    </ClCompile>
    <ClCompile Include="SendMailDlg.cpp">
      <Filter>Dialogs\Source Files</Filter>
    </ClCompile>
    <ClCompile Include="SimpleDlg.cpp">
      <Filter>Dialogs\Source Files</Filter>
    </ClCompile>
    <ClCompile Include="TransferProgressDlg.cpp">
      <Filter>Dialogs\Source Files</Filter>
    </ClCompile>
    <ClCompile Include="WaitDlg.cpp">
      <Filter>Dialogs\Source Files</Filter>
    </ClCompile>
    <ClCompile Include="ColHelper.cpp">
      <Filter>Collections\Source Files</Filter>
    </ClCompile>
    <ClCompile Include="StrHolder.cpp">
      <Filter>Collections\Source Files</Filter>
    </ClCompile>
    <ClCompile Include="HexView.cpp">
      <Filter>Controls\Source Files</Filter>
    </ClCompile>
    <ClCompile Include="HyperLink.cpp">
      <Filter>Controls\Source Files</Filter>
    </ClCompile>
    <ClCompile Include="ImageView.cpp">
      <Filter>Controls\Source Files</Filter>
    </ClCompile>
    <ClCompile Include="LayoutManager.cpp">
      <Filter>Controls\Source Files</Filter>
    </ClCompile>
    <ClCompile Include="Splitter.cpp">
      <Filter>Controls\Source Files</Filter>
    </ClCompile>
    <ClCompile Include="TextView.cpp">
      <Filter>Controls\Source Files</Filter>
    </ClCompile>
    <ClCompile Include="WaitCursor.cpp">
      <Filter>Controls\Source Files</Filter>
    </ClCompile>
    <ClCompile Include="CMapi.cpp">
      <Filter>System\Source Files</Filter>
    </ClCompile>
    <ClCompile Include="EnumProcess.cpp">
      <Filter>System\Source Files</Filter>
    </ClCompile>
    <ClCompile Include="LogFile.cpp">
      <Filter>System\Source Files</Filter>
    </ClCompile>
    <ClCompile Include="NetThunks.cpp">
      <Filter>System\Source Files</Filter>
    </ClCompile>
    <ClCompile Include="SymEngine.cpp">
      <Filter>System\Source Files</Filter>
    </ClCompile>
    <ClCompile Include="SymEngineNet.cpp">
      <Filter>System\Source Files</Filter>
    </ClCompile>
    <ClCompile Include="TextLogFile.cpp">
      <Filter>System\Source Files</Filter>
    </ClCompile>
    <ClCompile Include="XmlLogFile.cpp">
      <Filter>System\Source Files</Filter>
    </ClCompile>
    <ClCompile Include="XmlReader.cpp">
      <Filter>System\Source Files\XML\Source Files</Filter>
    </ClCompile>
    <ClCompile Include="XmlWriter.cpp">
      <Filter>System\Source Files\XML\Source Files</Filter>
    </ClCompile>
    <ClCompile Include="BugTrap.cpp">
      <Filter>Main\Source Files</Filter>
    </ClCompile>
    <ClCompile Include="BugTrapNet.cpp">
      <Filter>Main\Source Files</Filter>
    </ClCompile>
    <ClCompile Include="BugTrapUI.cpp">
      <Filter>Main\Source Files</Filter>
    </ClCompile>
    <ClCompile Include="BugTrapUtils.cpp">
      <Filter>Main\Source Files</Filter>
    </ClCompile>
    <ClCompile Include="ResManager.cpp">
      <Filter>Main\Source Files</Filter>
    </ClCompile>
    <ClCompile Include="Globals.cpp">
      <Filter>Accessories\Source Files</Filter>
    </ClCompile>
    <ClCompile Include="stdafx.cpp">
      <Filter>Accessories\Source Files</Filter>
    </ClCompile>
    <ClCompile Include="FileStream.cpp">
      <Filter>Streams\Source Files</Filter>
    </ClCompile>
    <ClCompile Include="InputStream.cpp">
      <Filter>Streams\Source Files</Filter>
    </ClCompile>
    <ClCompile Include="MemStream.cpp">
      <Filter>Streams\Source Files</Filter>
    </ClCompile>
    <ClCompile Include="OutputStream.cpp">
      <Filter>Streams\Source Files</Filter>
    </ClCompile>
    <ClCompile Include="StrStream.cpp">
      <Filter>Streams\Source Files</Filter>
    </ClCompile>
    <ClCompile Include="Encoding.cpp">
      <Filter>Encodings\Source Files</Filter>
    </ClCompile>
    <ClCompile Include="TextFormat.cpp">
      <Filter>Encodings\Source Files</Filter>
    </ClCompile>
  </ItemGroup>
  <ItemGroup>
    <ClInclude Include="AboutDlg.h">
      <Filter>Dialogs\Header Files</Filter>
    </ClInclude>
    <ClInclude Include="MachineInfoDlg.h">
      <Filter>Dialogs\Header Files</Filter>
    </ClInclude>
    <ClInclude Include="MachineStateDlg.h">
      <Filter>Dialogs\Header Files</Filter>
    </ClInclude>
    <ClInclude Include="MainDlg.h">
      <Filter>Dialogs\Header Files</Filter>
    </ClInclude>
    <ClInclude Include="PreviewDlg.h">
      <Filter>Dialogs\Header Files</Filter>
    </ClInclude>
    <ClInclude Include="SendMailDlg.h">
      <Filter>Dialogs\Header Files</Filter>
    </ClInclude>
    <ClInclude Include="SimpleDlg.h">
      <Filter>Dialogs\Header Files</Filter>
    </ClInclude>
    <ClInclude Include="TransferProgressDlg.h">
      <Filter>Dialogs\Header Files</Filter>
    </ClInclude>
    <ClInclude Include="WaitDlg.h">
      <Filter>Dialogs\Header Files</Filter>
    </ClInclude>
    <ClInclude Include="Array.h">
      <Filter>Collections\Header Files</Filter>
    </ClInclude>
    <ClInclude Include="ColHelper.h">
      <Filter>Collections\Header Files</Filter>
    </ClInclude>
    <ClInclude Include="Hash.h">
      <Filter>Collections\Header Files</Filter>
    </ClInclude>
    <ClInclude Include="InPlaceNew.h">
      <Filter>Collections\Header Files</Filter>
    </ClInclude>
    <ClInclude Include="InterfacePtr.h">
      <Filter>Collections\Header Files</Filter>
    </ClInclude>
    <ClInclude Include="List.h">
      <Filter>Collections\Header Files</Filter>
    </ClInclude>
    <ClInclude Include="SmartPtr.h">
      <Filter>Collections\Header Files</Filter>
    </ClInclude>
    <ClInclude Include="StrHolder.h">
      <Filter>Collections\Header Files</Filter>
    </ClInclude>
    <ClInclude Include="HexView.h">
      <Filter>Controls\Header Files</Filter>
    </ClInclude>
    <ClInclude Include="HyperLink.h">
      <Filter>Controls\Header Files</Filter>
    </ClInclude>
    <ClInclude Include="ImageView.h">
      <Filter>Controls\Header Files</Filter>
    </ClInclude>
    <ClInclude Include="LayoutManager.h">
      <Filter>Controls\Header Files</Filter>
    </ClInclude>
    <ClInclude Include="Splitter.h">
      <Filter>Controls\Header Files</Filter>
    </ClInclude>
    <ClInclude Include="TextView.h">
      <Filter>Controls\Header Files</Filter>
    </ClInclude>
    <ClInclude Include="WaitCursor.h">
      <Filter>Controls\Header Files</Filter>
    </ClInclude>
    <ClInclude Include="XmlReader.h">
      <Filter>System\Source Files\XML\Header Files</Filter>
    </ClInclude>
    <ClInclude Include="XmlWriter.h">
      <Filter>System\Source Files\XML\Header Files</Filter>
    </ClInclude>
    <ClInclude Include="CMapi.h">
      <Filter>System\Header Files</Filter>
    </ClInclude>
    <ClInclude Include="EnumProcess.h">
      <Filter>System\Header Files</Filter>
    </ClInclude>
    <ClInclude Include="LogFile.h">
      <Filter>System\Header Files</Filter>
    </ClInclude>
    <ClInclude Include="LogLink.h">
      <Filter>System\Header Files</Filter>
    </ClInclude>
    <ClInclude Include="NetThunks.h">
      <Filter>System\Header Files</Filter>
    </ClInclude>
    <ClInclude Include="SymEngine.h">
      <Filter>System\Header Files</Filter>
    </ClInclude>
    <ClInclude Include="SymEngineNet.h">
      <Filter>System\Header Files</Filter>
    </ClInclude>
    <ClInclude Include="TextLogFile.h">
      <Filter>System\Header Files</Filter>
    </ClInclude>
    <ClInclude Include="XmlLogFile.h">
      <Filter>System\Header Files</Filter>
    </ClInclude>
    <ClInclude Include="BTAtlWindow.h">
      <Filter>Main\Header Files</Filter>
    </ClInclude>
    <ClInclude Include="BTMfcWindow.h">
      <Filter>Main\Header Files</Filter>
    </ClInclude>
    <ClInclude Include="BTTrace.h">
      <Filter>Main\Header Files</Filter>
    </ClInclude>
    <ClInclude Include="BugTrap.h">
      <Filter>Main\Header Files</Filter>
    </ClInclude>
    <ClInclude Include="BugTrapNet.h">
      <Filter>Main\Header Files</Filter>
    </ClInclude>
    <ClInclude Include="BugTrapUI.h">
      <Filter>Main\Header Files</Filter>
    </ClInclude>
    <ClInclude Include="BugTrapUtils.h">
      <Filter>Main\Header Files</Filter>
    </ClInclude>
    <ClInclude Include="ResManager.h">
      <Filter>Main\Header Files</Filter>
    </ClInclude>
    <ClInclude Include="Globals.h">
      <Filter>Accessories\Header Files</Filter>
    </ClInclude>
    <ClInclude Include="LeakWatcher.h">
      <Filter>Accessories\Header Files</Filter>
    </ClInclude>
    <ClInclude Include="resource.h">
      <Filter>Accessories\Header Files</Filter>
    </ClInclude>
    <ClInclude Include="stdafx.h">
      <Filter>Accessories\Header Files</Filter>
    </ClInclude>
    <ClInclude Include="VersionInfo.h">
      <Filter>Accessories\Header Files</Filter>
    </ClInclude>
    <ClInclude Include="BaseStream.h">
      <Filter>Streams\Header Files</Filter>
    </ClInclude>
    <ClInclude Include="FileStream.h">
      <Filter>Streams\Header Files</Filter>
    </ClInclude>
    <ClInclude Include="InputStream.h">
      <Filter>Streams\Header Files</Filter>
    </ClInclude>
    <ClInclude Include="MemStream.h">
      <Filter>Streams\Header Files</Filter>
    </ClInclude>
    <ClInclude Include="OutputStream.h">
      <Filter>Streams\Header Files</Filter>
    </ClInclude>
    <ClInclude Include="Stream.h">
      <Filter>Streams\Header Files</Filter>
    </ClInclude>
    <ClInclude Include="StrStream.h">
      <Filter>Streams\Header Files</Filter>
    </ClInclude>
    <ClInclude Include="Encoding.h">
      <Filter>Encodings\Header Files</Filter>
    </ClInclude>
    <ClInclude Include="TextFormat.h">
      <Filter>Encodings\Header Files</Filter>
    </ClInclude>
  </ItemGroup>
  <ItemGroup>
    <Image Include="res\Bug.ico">
      <Filter>Accessories\Resource Files</Filter>
    </Image>
    <Image Include="res\CheckMark.bmp">
      <Filter>Accessories\Resource Files</Filter>
    </Image>
    <Image Include="res\ImageToolbar.bmp">
      <Filter>Accessories\Resource Files</Filter>
    </Image>
    <Image Include="res\SortArrows.bmp">
      <Filter>Accessories\Resource Files</Filter>
    </Image>
  </ItemGroup>
  <ItemGroup>
    <None Include="BugTrap.def">
      <Filter>Accessories\Resource Files</Filter>
    </None>
    <None Include="res\Upload.avi">
      <Filter>Accessories\Resource Files</Filter>
    </None>
  </ItemGroup>
  <ItemGroup>
    <ResourceCompile Include="BugTrap.rc">
      <Filter>Accessories\Resource Files</Filter>
    </ResourceCompile>
  </ItemGroup>
</Project>